Microsoft Visual Studio Solution File, Format Version 12.00
# Visual Studio Version 17
VisualStudioVersion = 17.5.2.0
MinimumVisualStudioVersion = 10.0.40219.1
Project("{FAE04EC0-301F-11D3-BF4B-00C04F79EFBC}") = "WindowManagerApp", "WindowManagerApp.csproj", "{182099EC-1EE4-B229-60DB-A8A7F4ED6DE0}"
EndProject
Global
	GlobalSection(SolutionConfigurationPlatforms) = preSolution
		Debug|Any CPU = Debug|Any CPU
		Release|Any CPU = Release|Any CPU
	EndGlobalSection
	GlobalSection(ProjectConfigurationPlatforms) = postSolution
		{182099EC-1EE4-B229-60DB-A8A7F4ED6DE0}.Debug|Any CPU.ActiveCfg = Debug|Any CPU
		{182099EC-1EE4-B229-60DB-A8A7F4ED6DE0}.Debug|Any CPU.Build.0 = Debug|Any CPU
		{182099EC-1EE4-B229-60DB-A8A7F4ED6DE0}.Release|Any CPU.ActiveCfg = Release|Any CPU
		{182099EC-1EE4-B229-60DB-A8A7F4ED6DE0}.Release|Any CPU.Build.0 = Release|Any CPU
	EndGlobalSection
	GlobalSection(SolutionProperties) = preSolution
		HideSolutionNode = FALSE
	EndGlobalSection
	GlobalSection(ExtensibilityGlobals) = postSolution
		SolutionGuid = {98F4EB7C-2FF9-4B2D-83E0-8135443C4DD3}
	EndGlobalSection
EndGlobal
