Microsoft Visual Studio Solution File, Format Version 12.00
# Visual Studio Version 17
VisualStudioVersion = 17.5.2.0
MinimumVisualStudioVersion = 10.0.40219.1
Project("{FAE04EC0-301F-11D3-BF4B-00C04F79EFBC}") = "WindowManagerSingleton", "WindowManagerSingleton.csproj", "{DDF0F223-F38B-A9EF-71BA-A051412BE418}"
EndProject
Global
	GlobalSection(SolutionConfigurationPlatforms) = preSolution
		Debug|Any CPU = Debug|Any CPU
		Release|Any CPU = Release|Any CPU
	EndGlobalSection
	GlobalSection(ProjectConfigurationPlatforms) = postSolution
		{DDF0F223-F38B-A9EF-71BA-A051412BE418}.Debug|Any CPU.ActiveCfg = Debug|Any CPU
		{DDF0F223-F38B-A9EF-71BA-A051412BE418}.Debug|Any CPU.Build.0 = Debug|Any CPU
		{DDF0F223-F38B-A9EF-71BA-A051412BE418}.Release|Any CPU.ActiveCfg = Release|Any CPU
		{DDF0F223-F38B-A9EF-71BA-A051412BE418}.Release|Any CPU.Build.0 = Release|Any CPU
	EndGlobalSection
	GlobalSection(SolutionProperties) = preSolution
		HideSolutionNode = FALSE
	EndGlobalSection
	GlobalSection(ExtensibilityGlobals) = postSolution
		SolutionGuid = {D269DBAF-2125-441B-94BB-0346B90B39EC}
	EndGlobalSection
EndGlobal
